
Microsoft Visual Studio Solution File, Format Version 12.00
# Visual Studio Version 16
VisualStudioVersion = 16.0.31613.86
MinimumVisualStudioVersion = 10.0.40219.1
Project("{FAE04EC0-301F-11D3-BF4B-00C04F79EFBC}") = "WSTowers_webAPI", "WSTowers_webAPI\WSTowers_webAPI.csproj", "{3DFD74FB-885F-4C29-83B9-37F1A31F3E14}"
EndProject
Global
	GlobalSection(SolutionConfigurationPlatforms) = preSolution
		Debug|Any CPU = Debug|Any CPU
		Release|Any CPU = Release|Any CPU
	EndGlobalSection
	GlobalSection(ProjectConfigurationPlatforms) = postSolution
		{3DFD74FB-885F-4C29-83B9-37F1A31F3E14}.Debug|Any CPU.ActiveCfg = Debug|Any CPU
		{3DFD74FB-885F-4C29-83B9-37F1A31F3E14}.Debug|Any CPU.Build.0 = Debug|Any CPU
		{3DFD74FB-885F-4C29-83B9-37F1A31F3E14}.Release|Any CPU.ActiveCfg = Release|Any CPU
		{3DFD74FB-885F-4C29-83B9-37F1A31F3E14}.Release|Any CPU.Build.0 = Release|Any CPU
	EndGlobalSection
	GlobalSection(SolutionProperties) = preSolution
		HideSolutionNode = FALSE
	EndGlobalSection
	GlobalSection(ExtensibilityGlobals) = postSolution
		SolutionGuid = {7F3DF2F6-1374-424B-B322-CFD514616424}
	EndGlobalSection
EndGlobal
